
Microsoft Visual Studio Solution File, Format Version 12.00
# Visual Studio Version 16
VisualStudioVersion = 16.0.31205.134
MinimumVisualStudioVersion = 10.0.40219.1
Project("{FAE04EC0-301F-11D3-BF4B-00C04F79EFBC}") = "MeetingOrganizer", "MeetingOrganizer\MeetingOrganizer.csproj", "{47AA4CBB-E876-49F7-8932-9D32EF603D6A}"
EndProject
Global
	GlobalSection(SolutionConfigurationPlatforms) = preSolution
		Debug|Any CPU = Debug|Any CPU
		Release|Any CPU = Release|Any CPU
	EndGlobalSection
	GlobalSection(ProjectConfigurationPlatforms) = postSolution
		{47AA4CBB-E876-49F7-8932-9D32EF603D6A}.Debug|Any CPU.ActiveCfg = Debug|Any CPU
		{47AA4CBB-E876-49F7-8932-9D32EF603D6A}.Debug|Any CPU.Build.0 = Debug|Any CPU
		{47AA4CBB-E876-49F7-8932-9D32EF603D6A}.Release|Any CPU.ActiveCfg = Release|Any CPU
		{47AA4CBB-E876-49F7-8932-9D32EF603D6A}.Release|Any CPU.Build.0 = Release|Any CPU
	EndGlobalSection
	GlobalSection(SolutionProperties) = preSolution
		HideSolutionNode = FALSE
	EndGlobalSection
	GlobalSection(ExtensibilityGlobals) = postSolution
		SolutionGuid = {49B8DE55-AAEF-4C8C-AD2A-9070DE218459}
	EndGlobalSection
EndGlobal
